
Microsoft Visual Studio Solution File, Format Version 12.00
# Visual Studio Version 17
VisualStudioVersion = 17.9.34701.34
MinimumVisualStudioVersion = 10.0.40219.1
Project("{FAE04EC0-301F-11D3-BF4B-00C04F79EFBC}") = "ExtendedRadio", "ExtendedRadio.csproj", "{08018CAB-22F1-4B9B-BFC8-A5D682440375}"
EndProject
Global
	GlobalSection(SolutionConfigurationPlatforms) = preSolution
		Debug|Any CPU = Debug|Any CPU
		Release|Any CPU = Release|Any CPU
	EndGlobalSection
	GlobalSection(ProjectConfigurationPlatforms) = postSolution
		{08018CAB-22F1-4B9B-BFC8-A5D682440375}.Debug|Any CPU.ActiveCfg = Debug|Any CPU
		{08018CAB-22F1-4B9B-BFC8-A5D682440375}.Debug|Any CPU.Build.0 = Debug|Any CPU
		{08018CAB-22F1-4B9B-BFC8-A5D682440375}.Release|Any CPU.ActiveCfg = Release|Any CPU
		{08018CAB-22F1-4B9B-BFC8-A5D682440375}.Release|Any CPU.Build.0 = Release|Any CPU
	EndGlobalSection
	GlobalSection(SolutionProperties) = preSolution
		HideSolutionNode = FALSE
	EndGlobalSection
	GlobalSection(ExtensibilityGlobals) = postSolution
		SolutionGuid = {87528524-DB8A-476C-8EC1-686DC2C079E0}
	EndGlobalSection
EndGlobal
